// !$*UTF8*$!
{
	archiveVersion = 1;
	classes = {
	};
	objectVersion = 50;
	objects = {

/* Begin PBXBuildFile section */
		D51B39F522AA082400C2C8DF /* AppDelegate.swift in Sources */ = {isa = PBXBuildFile; fileRef = D51B39F422AA082400C2C8DF /* AppDelegate.swift */; };
		D51B39F722AA082400C2C8DF /* SceneDelegate.swift in Sources */ = {isa = PBXBuildFile; fileRef = D51B39F622AA082400C2C8DF /* SceneDelegate.swift */; };
		D51B39F922AA082400C2C8DF /* ContentView.swift in Sources */ = {isa = PBXBuildFile; fileRef = D51B39F822AA082400C2C8DF /* ContentView.swift */; };
		D51B39FB22AA082600C2C8DF /* Assets.xcassets in Resources */ = {isa = PBXBuildFile; fileRef = D51B39FA22AA082600C2C8DF /* Assets.xcassets */; };
		D51B39FE22AA082600C2C8DF /* Preview Assets.xcassets in Resources */ = {isa = PBXBuildFile; fileRef = D51B39FD22AA082600C2C8DF /* Preview Assets.xcassets */; };
		D51B3A0122AA082600C2C8DF /* LaunchScreen.storyboard in Resources */ = {isa = PBXBuildFile; fileRef = D51B39FF22AA082600C2C8DF /* LaunchScreen.storyboard */; };
		D51B3A0922AA0B2300C2C8DF /* Room.swift in Sources */ = {isa = PBXBuildFile; fileRef = D51B3A0822AA0B2300C2C8DF /* Room.swift */; };
		D51B3A0B22AA13D100C2C8DF /* Room.xcassets in Resources */ = {isa = PBXBuildFile; fileRef = D51B3A0A22AA13D100C2C8DF /* Room.xcassets */; };
/* End PBXBuildFile section */

/* Begin PBXFileReference section */
		D51B39F122AA082400C2C8DF /* Room.app */ = {isa = PBXFileReference; explicitFileType = wrapper.application; includeInIndex = 0; path = Room.app; sourceTree = BUILT_PRODUCTS_DIR; };
		D51B39F422AA082400C2C8DF /* AppDelegate.swift */ = {isa = PBXFileReference; lastKnownFileType = sourcecode.swift; path = AppDelegate.swift; sourceTree = "<group>"; };
		D51B39F622AA082400C2C8DF /* SceneDelegate.swift */ = {isa = PBXFileReference; lastKnownFileType = sourcecode.swift; path = SceneDelegate.swift; sourceTree = "<group>"; };
		D51B39F822AA082400C2C8DF /* ContentView.swift */ = {isa = PBXFileReference; lastKnownFileType = sourcecode.swift; path = ContentView.swift; sourceTree = "<group>"; };
		D51B39FA22AA082600C2C8DF /* Assets.xcassets */ = {isa = PBXFileReference; lastKnownFileType = folder.assetcatalog; path = Assets.xcassets; sourceTree = "<group>"; };
		D51B39FD22AA082600C2C8DF /* Preview Assets.xcassets */ = {isa = PBXFileReference; lastKnownFileType = folder.assetcatalog; path = "Preview Assets.xcassets"; sourceTree = "<group>"; };
		D51B3A0022AA082600C2C8DF /* Base */ = {isa = PBXFileReference; lastKnownFileType = file.storyboard; name = Base; path = Base.lproj/LaunchScreen.storyboard; sourceTree = "<group>"; };
		D51B3A0222AA082600C2C8DF /* Info.plist */ = {isa = PBXFileReference; lastKnownFileType = text.plist.xml; path = Info.plist; sourceTree = "<group>"; };
		D51B3A0822AA0B2300C2C8DF /* Room.swift */ = {isa = PBXFileReference; lastKnownFileType = sourcecode.swift; path = Room.swift; sourceTree = "<group>"; };
		D51B3A0A22AA13D100C2C8DF /* Room.xcassets */ = {isa = PBXFileReference; lastKnownFileType = folder.assetcatalog; path = Room.xcassets; sourceTree = "<group>"; };
/* End PBXFileReference section */

/* Begin PBXFrameworksBuildPhase section */
		D51B39EE22AA082400C2C8DF /* Frameworks */ = {
			isa = PBXFrameworksBuildPhase;
			buildActionMask = 2147483647;
			files = (
			);
			runOnlyForDeploymentPostprocessing = 0;
		};
/* End PBXFrameworksBuildPhase section */

/* Begin PBXGroup section */
		D51B39E822AA082400C2C8DF = {
			isa = PBXGroup;
			children = (
				D51B39F322AA082400C2C8DF /* Room */,
				D51B39F222AA082400C2C8DF /* Products */,
			);
			sourceTree = "<group>";
		};
		D51B39F222AA082400C2C8DF /* Products */ = {
			isa = PBXGroup;
			children = (
				D51B39F122AA082400C2C8DF /* Room.app */,
			);
			name = Products;
			sourceTree = "<group>";
		};
		D51B39F322AA082400C2C8DF /* Room */ = {
			isa = PBXGroup;
			children = (
				D51B39F422AA082400C2C8DF /* AppDelegate.swift */,
				D51B39F622AA082400C2C8DF /* SceneDelegate.swift */,
				D51B39F822AA082400C2C8DF /* ContentView.swift */,
				D51B3A0822AA0B2300C2C8DF /* Room.swift */,
				D51B3A0A22AA13D100C2C8DF /* Room.xcassets */,
				D51B39FA22AA082600C2C8DF /* Assets.xcassets */,
				D51B39FF22AA082600C2C8DF /* LaunchScreen.storyboard */,
				D51B3A0222AA082600C2C8DF /* Info.plist */,
				D51B39FC22AA082600C2C8DF /* Preview Content */,
			);
			path = Room;
			sourceTree = "<group>";
		};
		D51B39FC22AA082600C2C8DF /* Preview Content */ = {
			isa = PBXGroup;
			children = (
				D51B39FD22AA082600C2C8DF /* Preview Assets.xcassets */,
			);
			path = "Preview Content";
			sourceTree = "<group>";
		};
/* End PBXGroup section */

/* Begin PBXNativeTarget section */
		D51B39F022AA082400C2C8DF /* Room */ = {
			isa = PBXNativeTarget;
			buildConfigurationList = D51B3A0522AA082600C2C8DF /* Build configuration list for PBXNativeTarget "Room" */;
			buildPhases = (
				D51B39ED22AA082400C2C8DF /* Sources */,
				D51B39EE22AA082400C2C8DF /* Frameworks */,
				D51B39EF22AA082400C2C8DF /* Resources */,
			);
			buildRules = (
			);
			dependencies = (
			);
			name = Room;
			productName = Room;
			productReference = D51B39F122AA082400C2C8DF /* Room.app */;
			productType = "com.apple.product-type.application";
		};
/* End PBXNativeTarget section */

/* Begin PBXProject section */
		D51B39E922AA082400C2C8DF /* Project object */ = {
			isa = PBXProject;
			attributes = {
				LastSwiftUpdateCheck = 1100;
				LastUpgradeCheck = 1100;
				ORGANIZATIONNAME = "Solutionz Softz";
				TargetAttributes = {
					D51B39F022AA082400C2C8DF = {
						CreatedOnToolsVersion = 11.0;
					};
				};
			};
			buildConfigurationList = D51B39EC22AA082400C2C8DF /* Build configuration list for PBXProject "Room" */;
			compatibilityVersion = "Xcode 9.3";
			developmentRegion = en;
			hasScannedForEncodings = 0;
			knownRegions = (
				en,
				Base,
			);
			mainGroup = D51B39E822AA082400C2C8DF;
			productRefGroup = D51B39F222AA082400C2C8DF /* Products */;
			projectDirPath = "";
			projectRoot = "";
			targets = (
				D51B39F022AA082400C2C8DF /* Room */,
			);
		};
/* End PBXProject section */

/* Begin PBXResourcesBuildPhase section */
		D51B39EF22AA082400C2C8DF /* Resources */ = {
			isa = PBXResourcesBuildPhase;
			buildActionMask = 2147483647;
			files = (
				D51B3A0122AA082600C2C8DF /* LaunchScreen.storyboard in Resources */,
				D51B39FE22AA082600C2C8DF /* Preview Assets.xcassets in Resources */,
				D51B3A0B22AA13D100C2C8DF /* Room.xcassets in Resources */,
				D51B39FB22AA082600C2C8DF /* Assets.xcassets in Resources */,
			);
			runOnlyForDeploymentPostprocessing = 0;
		};
/* End PBXResourcesBuildPhase section */

/* Begin PBXSourcesBuildPhase section */
		D51B39ED22AA082400C2C8DF /* Sources */ = {
			isa = PBXSourcesBuildPhase;
			buildActionMask = 2147483647;
			files = (
				D51B39F522AA082400C2C8DF /* AppDelegate.swift in Sources */,
				D51B39F722AA082400C2C8DF /* SceneDelegate.swift in Sources */,
				D51B3A0922AA0B2300C2C8DF /* Room.swift in Sources */,
				D51B39F922AA082400C2C8DF /* ContentView.swift in Sources */,
			);
			runOnlyForDeploymentPostprocessing = 0;
		};
/* End PBXSourcesBuildPhase section */

/* Begin PBXVariantGroup section */
		D51B39FF22AA082600C2C8DF /* LaunchScreen.storyboard */ = {
			isa = PBXVariantGroup;
			children = (
				D51B3A0022AA082600C2C8DF /* Base */,
			);
			name = LaunchScreen.storyboard;
			sourceTree = "<group>";
		};
/* End PBXVariantGroup section */

/* Begin XCBuildConfiguration section */
		D51B3A0322AA082600C2C8DF /* Debug */ = {
			isa = XCBuildConfiguration;
			buildSettings = {
				ALWAYS_SEARCH_USER_PATHS = NO;
				CLANG_ANALYZER_NONNULL = YES;
				CLANG_ANALYZER_NUMBER_OBJECT_CONVERSION = YES_AGGRESSIVE;
				CLANG_CXX_LANGUAGE_STANDARD = "gnu++14";
				CLANG_CXX_LIBRARY = "libc++";
				CLANG_ENABLE_MODULES = YES;
				CLANG_ENABLE_OBJC_ARC = YES;
				CLANG_ENABLE_OBJC_WEAK = YES;
				CLANG_WARN_BLOCK_CAPTURE_AUTORELEASING = YES;
				CLANG_WARN_BOOL_CONVERSION = YES;
				CLANG_WARN_COMMA = YES;
				CLANG_WARN_CONSTANT_CONVERSION = YES;
				CLANG_WARN_DEPRECATED_OBJC_IMPLEMENTATIONS = YES;
				CLANG_WARN_DIRECT_OBJC_ISA_USAGE = YES_ERROR;
				CLANG_WARN_DOCUMENTATION_COMMENTS = YES;
				CLANG_WARN_EMPTY_BODY = YES;
				CLANG_WARN_ENUM_CONVERSION = YES;
				CLANG_WARN_INFINITE_RECURSION = YES;
				CLANG_WARN_INT_CONVERSION = YES;
				CLANG_WARN_NON_LITERAL_NULL_CONVERSION = YES;
				CLANG_WARN_OBJC_IMPLICIT_RETAIN_SELF = YES;
				CLANG_WARN_OBJC_LITERAL_CONVERSION = YES;
				CLANG_WARN_OBJC_ROOT_CLASS = YES_ERROR;
				CLANG_WARN_RANGE_LOOP_ANALYSIS = YES;
				CLANG_WARN_STRICT_PROTOTYPES = YES;
				CLANG_WARN_SUSPICIOUS_MOVE = YES;
				CLANG_WARN_UNGUARDED_AVAILABILITY = YES_AGGRESSIVE;
				CLANG_WARN_UNREACHABLE_CODE = YES;
				CLANG_WARN__DUPLICATE_METHOD_MATCH = YES;
				COPY_PHASE_STRIP = NO;
				DEBUG_INFORMATION_FORMAT = dwarf;
				ENABLE_STRICT_OBJC_MSGSEND = YES;
				ENABLE_TESTABILITY = YES;
				GCC_C_LANGUAGE_STANDARD = gnu11;
				GCC_DYNAMIC_NO_PIC = NO;
				GCC_NO_COMMON_BLOCKS = YES;
				GCC_OPTIMIZATION_LEVEL = 0;
				GCC_PREPROCESSOR_DEFINITIONS = (
					"DEBUG=1",
					"$(inherited)",
				);
				GCC_WARN_64_TO_32_BIT_CONVERSION = YES;
				GCC_WARN_ABOUT_RETURN_TYPE = YES_ERROR;
				GCC_WARN_UNDECLARED_SELECTOR = YES;
				GCC_WARN_UNINITIALIZED_AUTOS = YES_AGGRESSIVE;
				GCC_WARN_UNUSED_FUNCTION = YES;
				GCC_WARN_UNUSED_VARIABLE = YES;
				IPHONEOS_DEPLOYMENT_TARGET = 13.0;
				MTL_ENABLE_DEBUG_INFO = INCLUDE_SOURCE;
				MTL_FAST_MATH = YES;
				ONLY_ACTIVE_ARCH = YES;
				SDKROOT = iphoneos;
				SWIFT_ACTIVE_COMPILATION_CONDITIONS = DEBUG;
				SWIFT_OPTIMIZATION_LEVEL = "-Onone";
			};
			name = Debug;
		};
		D51B3A0422AA082600C2C8DF /* Release */ = {
			isa = XCBuildConfiguration;
			buildSettings = {
				ALWAYS_SEARCH_USER_PATHS = NO;
				CLANG_ANALYZER_NONNULL = YES;
				CLANG_ANALYZER_NUMBER_OBJECT_CONVERSION = YES_AGGRESSIVE;
				CLANG_CXX_LANGUAGE_STANDARD = "gnu++14";
				CLANG_CXX_LIBRARY = "libc++";
				CLANG_ENABLE_MODULES = YES;
				CLANG_ENABLE_OBJC_ARC = YES;
				CLANG_ENABLE_OBJC_WEAK = YES;
				CLANG_WARN_BLOCK_CAPTURE_AUTORELEASING = YES;
				CLANG_WARN_BOOL_CONVERSION = YES;
				CLANG_WARN_COMMA = YES;
				CLANG_WARN_CONSTANT_CONVERSION = YES;
				CLANG_WARN_DEPRECATED_OBJC_IMPLEMENTATIONS = YES;
				CLANG_WARN_DIRECT_OBJC_ISA_USAGE = YES_ERROR;
				CLANG_WARN_DOCUMENTATION_COMMENTS = YES;
				CLANG_WARN_EMPTY_BODY = YES;
				CLANG_WARN_ENUM_CONVERSION = YES;
				CLANG_WARN_INFINITE_RECURSION = YES;
				CLANG_WARN_INT_CONVERSION = YES;
				CLANG_WARN_NON_LITERAL_NULL_CONVERSION = YES;
				CLANG_WARN_OBJC_IMPLICIT_RETAIN_SELF = YES;
				CLANG_WARN_OBJC_LITERAL_CONVERSION = YES;
				CLANG_WARN_OBJC_ROOT_CLASS = YES_ERROR;
				CLANG_WARN_RANGE_LOOP_ANALYSIS = YES;
				CLANG_WARN_STRICT_PROTOTYPES = YES;
				CLANG_WARN_SUSPICIOUS_MOVE = YES;
				CLANG_WARN_UNGUARDED_AVAILABILITY = YES_AGGRESSIVE;
				CLANG_WARN_UNREACHABLE_CODE = YES;
				CLANG_WARN__DUPLICATE_METHOD_MATCH = YES;
				COPY_PHASE_STRIP = NO;
				DEBUG_INFORMATION_FORMAT = "dwarf-with-dsym";
				ENABLE_NS_ASSERTIONS = NO;
				ENABLE_STRICT_OBJC_MSGSEND = YES;
				GCC_C_LANGUAGE_STANDARD = gnu11;
				GCC_NO_COMMON_BLOCKS = YES;
				GCC_WARN_64_TO_32_BIT_CONVERSION = YES;
				GCC_WARN_ABOUT_RETURN_TYPE = YES_ERROR;
				GCC_WARN_UNDECLARED_SELECTOR = YES;
				GCC_WARN_UNINITIALIZED_AUTOS = YES_AGGRESSIVE;
				GCC_WARN_UNUSED_FUNCTION = YES;
				GCC_WARN_UNUSED_VARIABLE = YES;
				IPHONEOS_DEPLOYMENT_TARGET = 13.0;
				MTL_ENABLE_DEBUG_INFO = NO;
				MTL_FAST_MATH = YES;
				SDKROOT = iphoneos;
				SWIFT_COMPILATION_MODE = wholemodule;
				SWIFT_OPTIMIZATION_LEVEL = "-O";
				VALIDATE_PRODUCT = YES;
			};
			name = Release;
		};
		D51B3A0622AA082600C2C8DF /* Debug */ = {
			isa = XCBuildConfiguration;
			buildSettings = {
				ASSETCATALOG_COMPILER_APPICON_NAME = AppIcon;
				CODE_SIGN_STYLE = Automatic;
				DEVELOPMENT_ASSET_PATHS = "Room/Preview\\ Content";
				DEVELOPMENT_TEAM = VLCCY72B5L;
				ENABLE_PREVIEWS = YES;
				INFOPLIST_FILE = Room/Info.plist;
				LD_RUNPATH_SEARCH_PATHS = (
					"$(inherited)",
					"@executable_path/Frameworks",
				);
				PRODUCT_BUNDLE_IDENTIFIER = com.solutionzsoftz.lynda.Room;
				PRODUCT_NAME = "$(TARGET_NAME)";
				SWIFT_VERSION = 5.0;
				TARGETED_DEVICE_FAMILY = "1,2";
			};
			name = Debug;
		};
		D51B3A0722AA082600C2C8DF /* Release */ = {
			isa = XCBuildConfiguration;
			buildSettings = {
				ASSETCATALOG_COMPILER_APPICON_NAME = AppIcon;
				CODE_SIGN_STYLE = Automatic;
				DEVELOPMENT_ASSET_PATHS = "Room/Preview\\ Content";
				DEVELOPMENT_TEAM = VLCCY72B5L;
				ENABLE_PREVIEWS = YES;
				INFOPLIST_FILE = Room/Info.plist;
				LD_RUNPATH_SEARCH_PATHS = (
					"$(inherited)",
					"@executable_path/Frameworks",
				);
				PRODUCT_BUNDLE_IDENTIFIER = com.solutionzsoftz.lynda.Room;
				PRODUCT_NAME = "$(TARGET_NAME)";
				SWIFT_VERSION = 5.0;
				TARGETED_DEVICE_FAMILY = "1,2";
			};
			name = Release;
		};
/* End XCBuildConfiguration section */

/* Begin XCConfigurationList section */
		D51B39EC22AA082400C2C8DF /* Build configuration list for PBXProject "Room" */ = {
			isa = XCConfigurationList;
			buildConfigurations = (
				D51B3A0322AA082600C2C8DF /* Debug */,
				D51B3A0422AA082600C2C8DF /* Release */,
			);
			defaultConfigurationIsVisible = 0;
			defaultConfigurationName = Release;
		};
		D51B3A0522AA082600C2C8DF /* Build configuration list for PBXNativeTarget "Room" */ = {
			isa = XCConfigurationList;
			buildConfigurations = (
				D51B3A0622AA082600C2C8DF /* Debug */,
				D51B3A0722AA082600C2C8DF /* Release */,
			);
			defaultConfigurationIsVisible = 0;
			defaultConfigurationName = Release;
		};
/* End XCConfigurationList section */
	};
	rootObject = D51B39E922AA082400C2C8DF /* Project object */;
}
